# THIS IS AN AUTOGENERATED FILE. DO NOT EDIT THIS FILE DIRECTLY.
# yarn lockfile v1


systematize@^3.2.4:
  version "3.2.4"
  resolved "https://registry.yarnpkg.com/systematize/-/systematize-3.2.4.tgz#3891239afb68a95de2673b8fb2159e70622f3bc8"
  integrity sha512-bb+T5tcd49cIvor+680mmmYf1TjOQ9aDM2YiZP7CD2WZnP8Ba5E4VxmxOkj3Tz98CLcZrUsKG2+fQNoxAl/YNQ==
